
Microsoft Visual Studio Solution File, Format Version 12.00
# Visual Studio Version 17
VisualStudioVersion = 17.8.34408.163
MinimumVisualStudioVersion = 10.0.40219.1
Project("{FAE04EC0-301F-11D3-BF4B-00C04F79EFBC}") = "HeroVsMonster2", "HeroVsMonster2\HeroVsMonster2.csproj", "{FD69BA33-ECCC-4CB7-B27A-E257921061A8}"
EndProject
Project("{FAE04EC0-301F-11D3-BF4B-00C04F79EFBC}") = "ClassFunctions", "ClassFunctions\ClassFunctions.csproj", "{0489150E-8404-46E2-AB0C-91B8941168F2}"
EndProject
Project("{FAE04EC0-301F-11D3-BF4B-00C04F79EFBC}") = "ClassProcedures", "ClassProcedure\ClassProcedures.csproj", "{69886434-1B0E-40C0-A598-445E62EE7A6A}"
EndProject
Global
	GlobalSection(SolutionConfigurationPlatforms) = preSolution
		Debug|Any CPU = Debug|Any CPU
		Release|Any CPU = Release|Any CPU
	EndGlobalSection
	GlobalSection(ProjectConfigurationPlatforms) = postSolution
		{FD69BA33-ECCC-4CB7-B27A-E257921061A8}.Debug|Any CPU.ActiveCfg = Debug|Any CPU
		{FD69BA33-ECCC-4CB7-B27A-E257921061A8}.Debug|Any CPU.Build.0 = Debug|Any CPU
		{FD69BA33-ECCC-4CB7-B27A-E257921061A8}.Release|Any CPU.ActiveCfg = Release|Any CPU
		{FD69BA33-ECCC-4CB7-B27A-E257921061A8}.Release|Any CPU.Build.0 = Release|Any CPU
		{0489150E-8404-46E2-AB0C-91B8941168F2}.Debug|Any CPU.ActiveCfg = Debug|Any CPU
		{0489150E-8404-46E2-AB0C-91B8941168F2}.Debug|Any CPU.Build.0 = Debug|Any CPU
		{0489150E-8404-46E2-AB0C-91B8941168F2}.Release|Any CPU.ActiveCfg = Release|Any CPU
		{0489150E-8404-46E2-AB0C-91B8941168F2}.Release|Any CPU.Build.0 = Release|Any CPU
		{69886434-1B0E-40C0-A598-445E62EE7A6A}.Debug|Any CPU.ActiveCfg = Debug|Any CPU
		{69886434-1B0E-40C0-A598-445E62EE7A6A}.Debug|Any CPU.Build.0 = Debug|Any CPU
		{69886434-1B0E-40C0-A598-445E62EE7A6A}.Release|Any CPU.ActiveCfg = Release|Any CPU
		{69886434-1B0E-40C0-A598-445E62EE7A6A}.Release|Any CPU.Build.0 = Release|Any CPU
	EndGlobalSection
	GlobalSection(SolutionProperties) = preSolution
		HideSolutionNode = FALSE
	EndGlobalSection
	GlobalSection(ExtensibilityGlobals) = postSolution
		SolutionGuid = {6599466C-BF44-4719-AF5F-C5EB14BA6779}
	EndGlobalSection
EndGlobal
